
Microsoft Visual Studio Solution File, Format Version 12.00
# Visual Studio Version 17
VisualStudioVersion = 17.2.32630.192
MinimumVisualStudioVersion = 10.0.40219.1
Project("{FAE04EC0-301F-11D3-BF4B-00C04F79EFBC}") = "GameLifeWpf", "GameLifeWpf\GameLifeWpf.csproj", "{0A33C30A-084B-4E87-84AD-EF8AB739F0C0}"
EndProject
Global
	GlobalSection(SolutionConfigurationPlatforms) = preSolution
		Debug|Any CPU = Debug|Any CPU
		Release|Any CPU = Release|Any CPU
	EndGlobalSection
	GlobalSection(ProjectConfigurationPlatforms) = postSolution
		{0A33C30A-084B-4E87-84AD-EF8AB739F0C0}.Debug|Any CPU.ActiveCfg = Debug|Any CPU
		{0A33C30A-084B-4E87-84AD-EF8AB739F0C0}.Debug|Any CPU.Build.0 = Debug|Any CPU
		{0A33C30A-084B-4E87-84AD-EF8AB739F0C0}.Release|Any CPU.ActiveCfg = Release|Any CPU
		{0A33C30A-084B-4E87-84AD-EF8AB739F0C0}.Release|Any CPU.Build.0 = Release|Any CPU
	EndGlobalSection
	GlobalSection(SolutionProperties) = preSolution
		HideSolutionNode = FALSE
	EndGlobalSection
	GlobalSection(ExtensibilityGlobals) = postSolution
		SolutionGuid = {B73A97B2-82CC-4CD3-9273-B706BFF819A4}
	EndGlobalSection
EndGlobal
